
Microsoft Visual Studio Solution File, Format Version 12.00
# Visual Studio Version 17
VisualStudioVersion = 17.1.32407.343
MinimumVisualStudioVersion = 10.0.40219.1
Project("{9A19103F-16F7-4668-BE54-9A1E7A4F7556}") = "PetShopAPI", "PetShopAPI\PetShopAPI.csproj", "{C54443E6-712F-4943-AD26-9024C6DF3C14}"
EndProject
Project("{FAE04EC0-301F-11D3-BF4B-00C04F79EFBC}") = "UsuarioApi", "UsuarioApi\UsuarioApi.csproj", "{740DF84A-050B-42AD-8897-A33D8C5681DD}"
EndProject
Global
	GlobalSection(SolutionConfigurationPlatforms) = preSolution
		Debug|Any CPU = Debug|Any CPU
		Release|Any CPU = Release|Any CPU
	EndGlobalSection
	GlobalSection(ProjectConfigurationPlatforms) = postSolution
		{C54443E6-712F-4943-AD26-9024C6DF3C14}.Debug|Any CPU.ActiveCfg = Debug|Any CPU
		{C54443E6-712F-4943-AD26-9024C6DF3C14}.Debug|Any CPU.Build.0 = Debug|Any CPU
		{C54443E6-712F-4943-AD26-9024C6DF3C14}.Release|Any CPU.ActiveCfg = Release|Any CPU
		{C54443E6-712F-4943-AD26-9024C6DF3C14}.Release|Any CPU.Build.0 = Release|Any CPU
		{740DF84A-050B-42AD-8897-A33D8C5681DD}.Debug|Any CPU.ActiveCfg = Debug|Any CPU
		{740DF84A-050B-42AD-8897-A33D8C5681DD}.Debug|Any CPU.Build.0 = Debug|Any CPU
		{740DF84A-050B-42AD-8897-A33D8C5681DD}.Release|Any CPU.ActiveCfg = Release|Any CPU
		{740DF84A-050B-42AD-8897-A33D8C5681DD}.Release|Any CPU.Build.0 = Release|Any CPU
	EndGlobalSection
	GlobalSection(SolutionProperties) = preSolution
		HideSolutionNode = FALSE
	EndGlobalSection
	GlobalSection(ExtensibilityGlobals) = postSolution
		SolutionGuid = {B20FDDD4-2B4B-4B4A-97F9-0CD056A1361B}
	EndGlobalSection
EndGlobal
